{
  "version": "3",
  "packages": {
    "specifiers": {
      "jsr:@deno/cache-dir@0.8": "jsr:@deno/cache-dir@0.8.0",
      "jsr:@deno/graph@^0.69.7": "jsr:@deno/graph@0.69.10",
      "jsr:@std/assert@^0.218.2": "jsr:@std/assert@0.218.2",
      "jsr:@std/bytes@^0.218.2": "jsr:@std/bytes@0.218.2",
      "jsr:@std/fmt@^0.218.2": "jsr:@std/fmt@0.218.2",
      "jsr:@std/fs@^0.218.2": "jsr:@std/fs@0.218.2",
      "jsr:@std/io@^0.218.2": "jsr:@std/io@0.218.2",
      "jsr:@std/path@^0.218.2": "jsr:@std/path@0.218.2"
    },
    "jsr": {
      "@deno/cache-dir@0.8.0": {
        "integrity": "e87e80a404958f6350d903e6238b72afb92468378b0b32111f7a1e4916ac7fe7",
        "dependencies": [
          "jsr:@deno/graph@^0.69.7",
          "jsr:@std/fmt@^0.218.2",
          "jsr:@std/fs@^0.218.2",
          "jsr:@std/io@^0.218.2",
          "jsr:@std/path@^0.218.2"
        ]
      },
      "@deno/graph@0.69.10": {
        "integrity": "38fe22ac5686f6ece5daeec5a4df65c6314d7d32adcc33f77917a13cfaffa26f"
      },
      "@std/assert@0.218.2": {
        "integrity": "7f0a5a1a8cf86607cd6c2c030584096e1ffad27fc9271429a8cb48cfbdee5eaf"
      },
      "@std/bytes@0.218.2": {
        "integrity": "91fe54b232dcca73856b79a817247f4a651dbb60d51baafafb6408c137241670"
      },
      "@std/fmt@0.218.2": {
        "integrity": "99526449d2505aa758b6cbef81e7dd471d8b28ec0dcb1491d122b284c548788a"
      },
      "@std/fs@0.218.2": {
        "integrity": "dd9431453f7282e8c577cc22c9e6d036055a9a980b5549f887d6012969fabcca"
      },
      "@std/io@0.218.2": {
        "integrity": "c64fbfa087b7c9d4d386c5672f291f607d88cb7d44fc299c20c713e345f2785f",
        "dependencies": [
          "jsr:@std/assert@^0.218.2",
          "jsr:@std/bytes@^0.218.2"
        ]
      },
      "@std/path@0.218.2": {
        "integrity": "b568fd923d9e53ad76d17c513e7310bda8e755a3e825e6289a0ce536404e2662",
        "dependencies": [
          "jsr:@std/assert@^0.218.2"
        ]
      }
    }
  },
  "redirects": {
    "https://deno.land/x/mqtt5/deno/mod.ts": "https://deno.land/x/mqtt5@0.0.1/deno/mod.ts"
  },
  "remote": {
    "https://deno.land/std@0.186.0/_util/asserts.ts": "178dfc49a464aee693a7e285567b3d0b555dc805ff490505a8aae34f9cfb1462",
    "https://deno.land/std@0.186.0/_util/os.ts": "d932f56d41e4f6a6093d56044e29ce637f8dcc43c5a90af43504a889cf1775e3",
    "https://deno.land/std@0.186.0/path/_constants.ts": "e49961f6f4f48039c0dfed3c3f93e963ca3d92791c9d478ac5b43183413136e0",
    "https://deno.land/std@0.186.0/path/_interface.ts": "6471159dfbbc357e03882c2266d21ef9afdb1e4aa771b0545e90db58a0ba314b",
    "https://deno.land/std@0.186.0/path/_util.ts": "d7abb1e0dea065f427b89156e28cdeb32b045870acdf865833ba808a73b576d0",
    "https://deno.land/std@0.186.0/path/common.ts": "ee7505ab01fd22de3963b64e46cff31f40de34f9f8de1fff6a1bd2fe79380000",
    "https://deno.land/std@0.186.0/path/glob.ts": "d479e0a695621c94d3fd7fe7abd4f9499caf32a8de13f25073451c6ef420a4e1",
    "https://deno.land/std@0.186.0/path/mod.ts": "ee161baec5ded6510ee1d1fb6a75a0f5e4b41f3f3301c92c716ecbdf7dae910d",
    "https://deno.land/std@0.186.0/path/posix.ts": "8b7c67ac338714b30c816079303d0285dd24af6b284f7ad63da5b27372a2c94d",
    "https://deno.land/std@0.186.0/path/separator.ts": "0fb679739d0d1d7bf45b68dacfb4ec7563597a902edbaf3c59b50d5bcadd93b1",
    "https://deno.land/std@0.186.0/path/win32.ts": "d186344e5583bcbf8b18af416d13d82b35a317116e6460a5a3953508c3de5bba",
    "https://deno.land/std@0.219.0/assert/_constants.ts": "a271e8ef5a573f1df8e822a6eb9d09df064ad66a4390f21b3e31f820a38e0975",
    "https://deno.land/std@0.219.0/assert/_diff.ts": "dcc63d94ca289aec80644030cf88ccbf7acaa6fbd7b0f22add93616b36593840",
    "https://deno.land/std@0.219.0/assert/_format.ts": "0ba808961bf678437fb486b56405b6fefad2cf87b5809667c781ddee8c32aff4",
    "https://deno.land/std@0.219.0/assert/assert.ts": "bec068b2fccdd434c138a555b19a2c2393b71dfaada02b7d568a01541e67cdc5",
    "https://deno.land/std@0.219.0/assert/assert_almost_equals.ts": "8b96b7385cc117668b0720115eb6ee73d04c9bcb2f5d2344d674918c9113688f",
    "https://deno.land/std@0.219.0/assert/assert_array_includes.ts": "1688d76317fd45b7e93ef9e2765f112fdf2b7c9821016cdfb380b9445374aed1",
    "https://deno.land/std@0.219.0/assert/assert_equals.ts": "4497c56fe7d2993b0d447926702802fc0becb44e319079e8eca39b482ee01b4e",
    "https://deno.land/std@0.219.0/assert/assert_exists.ts": "24a7bf965e634f909242cd09fbaf38bde6b791128ece08e33ab08586a7cc55c9",
    "https://deno.land/std@0.219.0/assert/assert_false.ts": "6f382568e5128c0f855e5f7dbda8624c1ed9af4fcc33ef4a9afeeedcdce99769",
    "https://deno.land/std@0.219.0/assert/assert_greater.ts": "4945cf5729f1a38874d7e589e0fe5cc5cd5abe5573ca2ddca9d3791aa891856c",
    "https://deno.land/std@0.219.0/assert/assert_greater_or_equal.ts": "573ed8823283b8d94b7443eb69a849a3c369a8eb9666b2d1db50c33763a5d219",
    "https://deno.land/std@0.219.0/assert/assert_instance_of.ts": "72dc1faff1e248692d873c89382fa1579dd7b53b56d52f37f9874a75b11ba444",
    "https://deno.land/std@0.219.0/assert/assert_is_error.ts": "6596f2b5ba89ba2fe9b074f75e9318cda97a2381e59d476812e30077fbdb6ed2",
    "https://deno.land/std@0.219.0/assert/assert_less.ts": "2b4b3fe7910f65f7be52212f19c3977ecb8ba5b2d6d0a296c83cde42920bb005",
    "https://deno.land/std@0.219.0/assert/assert_less_or_equal.ts": "b93d212fe669fbde959e35b3437ac9a4468f2e6b77377e7b6ea2cfdd825d38a0",
    "https://deno.land/std@0.219.0/assert/assert_match.ts": "ec2d9680ed3e7b9746ec57ec923a17eef6d476202f339ad91d22277d7f1d16e1",
    "https://deno.land/std@0.219.0/assert/assert_not_equals.ts": "ac86413ab70ffb14fdfc41740ba579a983fe355ba0ce4a9ab685e6b8e7f6a250",
    "https://deno.land/std@0.219.0/assert/assert_not_instance_of.ts": "8f720d92d83775c40b2542a8d76c60c2d4aeddaf8713c8d11df8984af2604931",
    "https://deno.land/std@0.219.0/assert/assert_not_match.ts": "b4b7c77f146963e2b673c1ce4846473703409eb93f5ab0eb60f6e6f8aeffe39f",
    "https://deno.land/std@0.219.0/assert/assert_not_strict_equals.ts": "da0b8ab60a45d5a9371088378e5313f624799470c3b54c76e8b8abeec40a77be",
    "https://deno.land/std@0.219.0/assert/assert_object_match.ts": "e85e5eef62a56ce364c3afdd27978ccab979288a3e772e6855c270a7b118fa49",
    "https://deno.land/std@0.219.0/assert/assert_rejects.ts": "5206ac37d883797d9504e3915a0c7b692df6efcdefff3889cc14bb5a325641dd",
    "https://deno.land/std@0.219.0/assert/assert_strict_equals.ts": "0425a98f70badccb151644c902384c12771a93e65f8ff610244b8147b03a2366",
    "https://deno.land/std@0.219.0/assert/assert_string_includes.ts": "dfb072a890167146f8e5bdd6fde887ce4657098e9f71f12716ef37f35fb6f4a7",
    "https://deno.land/std@0.219.0/assert/assert_throws.ts": "31f3c061338aec2c2c33731973d58ccd4f14e42f355501541409ee958d2eb8e5",
    "https://deno.land/std@0.219.0/assert/assertion_error.ts": "9f689a101ee586c4ce92f52fa7ddd362e86434ffdf1f848e45987dc7689976b8",
    "https://deno.land/std@0.219.0/assert/equal.ts": "fae5e8a52a11d3ac694bbe1a53e13a7969e3f60791262312e91a3e741ae519e2",
    "https://deno.land/std@0.219.0/assert/fail.ts": "f310e51992bac8e54f5fd8e44d098638434b2edb802383690e0d7a9be1979f1c",
    "https://deno.land/std@0.219.0/assert/mod.ts": "7e41449e77a31fef91534379716971bebcfc12686e143d38ada5438e04d4a90e",
    "https://deno.land/std@0.219.0/assert/unimplemented.ts": "47ca67d1c6dc53abd0bd729b71a31e0825fc452dbcd4fde4ca06789d5644e7fd",
    "https://deno.land/std@0.219.0/assert/unreachable.ts": "3670816a4ab3214349acb6730e3e6f5299021234657eefe05b48092f3848c270",
    "https://deno.land/std@0.219.0/async/delay.ts": "8e1d18fe8b28ff95885e2bc54eccec1713f57f756053576d8228e6ca110793ad",
    "https://deno.land/std@0.219.0/cli/parse_args.ts": "475b3edc8105c9acea09b83b100afc383d7bddbba9828da3f0c4adced006607a",
    "https://deno.land/std@0.219.0/encoding/_util.ts": "beacef316c1255da9bc8e95afb1fa56ed69baef919c88dc06ae6cb7a6103d376",
    "https://deno.land/std@0.219.0/encoding/base64.ts": "b0fe5f1c55571dc9f091abc7d4830482f2f67ab4308c9c1b57071e770b7dcc74",
    "https://deno.land/std@0.219.0/encoding/hex.ts": "e939f50d55be48a1fe42fecaaecdb54353df38e831c47f374be7e6fdbe61510e",
    "https://deno.land/std@0.219.0/fmt/bytes.ts": "7b294a4b9cf0297efa55acb55d50610f3e116a0ac772d1df0ae00f0b833ccd4a",
    "https://deno.land/std@0.219.0/fmt/colors.ts": "d239d84620b921ea520125d778947881f62c50e78deef2657073840b8af9559a",
    "https://deno.land/std@0.219.0/http/_negotiation/common.ts": "051a9f6edd1ed69507df89bbc16fc1b13b7654b9b8fd38072ec33ae4c185fc13",
    "https://deno.land/std@0.219.0/http/_negotiation/encoding.ts": "fdedea1145c1dea3b3de2d5217e8eb927e764083eebc8c52d09a1ed3d9bb7a93",
    "https://deno.land/std@0.219.0/http/_negotiation/language.ts": "300a5c586f844c97f246ab72c948e9fde9a8f45e92ec08e1cc9a9df80259e2a3",
    "https://deno.land/std@0.219.0/http/_negotiation/media_type.ts": "87a1ecb22c1b268d0fa23d798e1ea238343505268cb1ff82bd038638de29ce31",
    "https://deno.land/std@0.219.0/http/cookie.ts": "a377fa60175ba5f61dd4b8a70b34f2bbfbc70782dfd5faf36d314c42e4306006",
    "https://deno.land/std@0.219.0/http/etag.ts": "9c120f11b2e57fdaeda28a6cf6c060a3d203e58f56e5856a717281dd0318eedc",
    "https://deno.land/std@0.219.0/http/file_server.ts": "fe0a77a4de8c3dae3afa206b4317e2dce0b497252fb7319bf7febd6e65fded80",
    "https://deno.land/std@0.219.0/http/mod.ts": "b0e06293a8a2f71b041add53d4674d4997bd2b83a4760bddad1b5e552130bcc8",
    "https://deno.land/std@0.219.0/http/negotiation.ts": "d06ef2958ca712a7dbe4538eed6a46abfa2b87f8e150b7c89d83a6055dabd7cc",
    "https://deno.land/std@0.219.0/http/server.ts": "6dce295abc169d0956ae00432441331b3425afad4d79e8b3475739be2f04d614",
    "https://deno.land/std@0.219.0/http/server_sent_event_stream.ts": "d9c20b46f986d78f60c38dbd91e95c71d73b45f29739a8ef4216dfa5f2e71eb3",
    "https://deno.land/std@0.219.0/http/status.ts": "ed61b4882af2514a81aefd3245e8df4c47b9a8e54929a903577643d2d1ebf514",
    "https://deno.land/std@0.219.0/http/unstable_signed_cookie.ts": "69e9ac37097576a383b6f24329ef7a2e08efcaac3d04b09c189e2f96241b08aa",
    "https://deno.land/std@0.219.0/http/user_agent.ts": "05f8849c7e27b898793bfc70204f0c72b6be9bee7accbe98e18a1c413bd4ace3",
    "https://deno.land/std@0.219.0/media_types/_db.ts": "19563a2491cd81b53b9c1c6ffd1a9145c355042d4a854c52f6e1424f73ff3923",
    "https://deno.land/std@0.219.0/media_types/_util.ts": "97fadcdfc82fdb02da87efb0fcd3171b0004fb810284114e9d0914a7c4a0b7e5",
    "https://deno.land/std@0.219.0/media_types/content_type.ts": "ed3f2e1f243b418ad3f441edc95fd92efbadb0f9bde36219c7564c67f9639513",
    "https://deno.land/std@0.219.0/media_types/format_media_type.ts": "ffef4718afa2489530cb94021bb865a466eb02037609f7e82899c017959d288a",
    "https://deno.land/std@0.219.0/media_types/get_charset.ts": "277ebfceb205bd34e616fe6764ef03fb277b77f040706272bea8680806ae3f11",
    "https://deno.land/std@0.219.0/media_types/parse_media_type.ts": "487f000a38c230ccbac25420a50f600862e06796d0eee19d19631b9e84ee9654",
    "https://deno.land/std@0.219.0/media_types/type_by_extension.ts": "bf4e3f5d6b58b624d5daa01cbb8b1e86d9939940a77e7c26e796a075b60ec73b",
    "https://deno.land/std@0.219.0/media_types/vendor/mime-db.v1.52.0.ts": "0218d2c7d900e8cd6fa4a866e0c387712af4af9a1bae55d6b2546c73d273a1e6",
    "https://deno.land/std@0.219.0/path/_common/assert_path.ts": "dbdd757a465b690b2cc72fc5fb7698c51507dec6bfafce4ca500c46b76ff7bd8",
    "https://deno.land/std@0.219.0/path/_common/constants.ts": "dc5f8057159f4b48cd304eb3027e42f1148cf4df1fb4240774d3492b5d12ac0c",
    "https://deno.land/std@0.219.0/path/_common/normalize.ts": "684df4aa71a04bbcc346c692c8485594fc8a90b9408dfbc26ff32cf3e0c98cc8",
    "https://deno.land/std@0.219.0/path/_common/normalize_string.ts": "dfdf657a1b1a7db7999f7c575ee7e6b0551d9c20f19486c6c3f5ff428384c965",
    "https://deno.land/std@0.219.0/path/_common/relative.ts": "faa2753d9b32320ed4ada0733261e3357c186e5705678d9dd08b97527deae607",
    "https://deno.land/std@0.219.0/path/_os.ts": "8fb9b90fb6b753bd8c77cfd8a33c2ff6c5f5bc185f50de8ca4ac6a05710b2c15",
    "https://deno.land/std@0.219.0/path/constants.ts": "0c206169ca104938ede9da48ac952de288f23343304a1c3cb6ec7625e7325f36",
    "https://deno.land/std@0.219.0/path/extname.ts": "593303db8ae8c865cbd9ceec6e55d4b9ac5410c1e276bfd3131916591b954441",
    "https://deno.land/std@0.219.0/path/join.ts": "ae2ec5ca44c7e84a235fd532e4a0116bfb1f2368b394db1c4fb75e3c0f26a33a",
    "https://deno.land/std@0.219.0/path/posix/_util.ts": "1e3937da30f080bfc99fe45d7ed23c47dd8585c5e473b2d771380d3a6937cf9d",
    "https://deno.land/std@0.219.0/path/posix/extname.ts": "8d36ae0082063c5e1191639699e6f77d3acf501600a3d87b74943f0ae5327427",
    "https://deno.land/std@0.219.0/path/posix/join.ts": "744fadcbee7047688696455c7cbb368a9625ffde67fc3058a61c98948fcd04de",
    "https://deno.land/std@0.219.0/path/posix/normalize.ts": "baeb49816a8299f90a0237d214cef46f00ba3e95c0d2ceb74205a6a584b58a91",
    "https://deno.land/std@0.219.0/path/posix/relative.ts": "3907d6eda41f0ff723d336125a1ad4349112cd4d48f693859980314d5b9da31c",
    "https://deno.land/std@0.219.0/path/posix/resolve.ts": "08b699cfeee10cb6857ccab38fa4b2ec703b0ea33e8e69964f29d02a2d5257cf",
    "https://deno.land/std@0.219.0/path/relative.ts": "ab739d727180ed8727e34ed71d976912461d98e2b76de3d3de834c1066667add",
    "https://deno.land/std@0.219.0/path/resolve.ts": "a6f977bdb4272e79d8d0ed4333e3d71367cc3926acf15ac271f1d059c8494d8d",
    "https://deno.land/std@0.219.0/path/windows/_util.ts": "d5f47363e5293fced22c984550d5e70e98e266cc3f31769e1710511803d04808",
    "https://deno.land/std@0.219.0/path/windows/extname.ts": "165a61b00d781257fda1e9606a48c78b06815385e7d703232548dbfc95346bef",
    "https://deno.land/std@0.219.0/path/windows/join.ts": "8d03530ab89195185103b7da9dfc6327af13eabdcd44c7c63e42e27808f50ecf",
    "https://deno.land/std@0.219.0/path/windows/normalize.ts": "78126170ab917f0ca355a9af9e65ad6bfa5be14d574c5fb09bb1920f52577780",
    "https://deno.land/std@0.219.0/path/windows/relative.ts": "3e1abc7977ee6cc0db2730d1f9cb38be87b0ce4806759d271a70e4997fc638d7",
    "https://deno.land/std@0.219.0/path/windows/resolve.ts": "8dae1dadfed9d46ff46cc337c9525c0c7d959fb400a6308f34595c45bdca1972",
    "https://deno.land/std@0.219.0/streams/byte_slice_stream.ts": "5bbdcadb118390affa9b3d0a0f73ef8e83754f59bb89df349add669dd9369713",
    "https://deno.land/std@0.219.0/version.ts": "ccbaab1a1bf23f1ffef9438ec4cc72b7934ef1b0c9263966bdfd49002b357d7e",
    "https://deno.land/x/emit@0.40.0/_utils.ts": "98412edc7aa29e77d592b54fbad00bdec1b05d0c25eb772a5f8edc9813e08d88",
    "https://deno.land/x/emit@0.40.0/emit.generated.js": "65621c730ae9e4e818a3f83913562101dc9a371befbdb44d81e09a1532af5089",
    "https://deno.land/x/emit@0.40.0/mod.ts": "04b1818a60d6f85ca991bc4369634ea55d51388c4154b0100dfbe3c9684e2318",
    "https://deno.land/x/mqtt5@0.0.1/deno/mod.ts": "bb79dd67d412a1605ef8cc021f2ab3d44f58357d68ad96bc05fb9c73b329c691",
    "https://deno.land/x/mqtt5@0.0.1/lib/cache/lru_cache.ts": "e77a0d8d87328ad16bc868d47b57f3679525a5ed97e18974ebcc4d395ef89d28",
    "https://deno.land/x/mqtt5@0.0.1/lib/cache/mod.ts": "14d6026203dec79afcc9816eab35d0e541108148c72eaa291c35ca652c547f90",
    "https://deno.land/x/mqtt5@0.0.1/lib/client/base_mqtt_client.ts": "56f2a87f22c4aae6432fb229069e97f18ea81c0720f0160e5336a873ca197640",
    "https://deno.land/x/mqtt5@0.0.1/lib/client/client_types.ts": "00167788f93c164461df628277cba9c143da4677ee706d7b4294c422b28f66fd",
    "https://deno.land/x/mqtt5@0.0.1/lib/client/error.ts": "112e6d1a9ef3c0600748d94165747abee317c5f00671ceec11aa78690ae17286",
    "https://deno.land/x/mqtt5@0.0.1/lib/client/events.ts": "04c3393fadc28001fbecefcfe2a6d07047e58ff4c38eb8f059826d883d2a20d9",
    "https://deno.land/x/mqtt5@0.0.1/lib/client/mod.ts": "6a3afc2e162b9477fb0bfcb1e73ba78ad364e9d2178fa24a05ce5d2af34af604",
    "https://deno.land/x/mqtt5@0.0.1/lib/client/mqtt_client.ts": "afe0bd7476a1b50c98b7c3b31c1e991f9ae38df810b33b1b5148b12b50d08d88",
    "https://deno.land/x/mqtt5@0.0.1/lib/client/promise.ts": "da9a504f5e7c65a85aed518138d6328db18d00d289d6399e5ed6dcc09c742428",
    "https://deno.land/x/mqtt5@0.0.1/lib/client/session.ts": "446e46f6feb9790a57a549ab91ceba613399204edaab8a6c03c31f65fc452cfc",
    "https://deno.land/x/mqtt5@0.0.1/lib/client/store.ts": "21fb591fcc627d46c7622d1f29fcf66f91ffdfc7661261e5629a34ba77aa6803",
    "https://deno.land/x/mqtt5@0.0.1/lib/client/topic_alias.ts": "19b7ac6ddbf2cc511e7611b6fe4f6e06cc5e66a12a1472c71b811d4c75976b67",
    "https://deno.land/x/mqtt5@0.0.1/lib/client/ws_mqtt_client.ts": "11b3b1396a1c3d6f26a30542e8cdee37b0e8554b10d689eac88fe5a151669240",
    "https://deno.land/x/mqtt5@0.0.1/lib/id_provider/mod.ts": "f9e9fefc2526a07bfd86e230f2435dc207f63d5836aa5b8f4577815e968fab57",
    "https://deno.land/x/mqtt5@0.0.1/lib/id_provider/reuse_id_provider.ts": "417fa226e0ad68c979a841d9655f645dcfa06b5fa12356b59cfe180c6bcc1c81",
    "https://deno.land/x/mqtt5@0.0.1/lib/mod.ts": "a50c66ee51286d7daa19ef066ed47833dc902b749c7302ff25cf6317afe7a4d6",
    "https://deno.land/x/mqtt5@0.0.1/lib/mqtt/mod.ts": "aa32152f8ec401da3b1c7655c68bf7ee45c203ea42f385212d88df8945096a9d",
    "https://deno.land/x/mqtt5@0.0.1/lib/mqtt_packets/auth.ts": "46b0117b7f18cdb45be996a163834d5a3d6eb9521735dd23b82bc9ec06713c53",
    "https://deno.land/x/mqtt5@0.0.1/lib/mqtt_packets/connack.ts": "bc1ffe31c0908651de29b78d4ffb3cd6744d44988acdebb2b0a35781ee780ce9",
    "https://deno.land/x/mqtt5@0.0.1/lib/mqtt_packets/connect.ts": "b8e647dd30428d427a80f1c133b8a9d56a64a95989d4e31b578d823784038339",
    "https://deno.land/x/mqtt5@0.0.1/lib/mqtt_packets/disconnect.ts": "d1fb12250a645cfe0430a49b6fc1821324666a747cc85337b72e2d11d0362db8",
    "https://deno.land/x/mqtt5@0.0.1/lib/mqtt_packets/error.ts": "e032a5db43a61dce28e83af3571449afdefeb01f641df039880269e555fff5a4",
    "https://deno.land/x/mqtt5@0.0.1/lib/mqtt_packets/mod.ts": "109810849a47b2dd629ff575fa99fbcc0e9c312a7d994f0505fdeb1b81109c4d",
    "https://deno.land/x/mqtt5@0.0.1/lib/mqtt_packets/pingreq.ts": "2f9266386f72c316b0a6c4a711b03f31e27466f15e127979d8e5796eaf8b434c",
    "https://deno.land/x/mqtt5@0.0.1/lib/mqtt_packets/pingresp.ts": "cc7c2ebe5ce2056f7ccdf723959526b250c2ecf14a9b24aa7d09a4d283fe3e20",
    "https://deno.land/x/mqtt5@0.0.1/lib/mqtt_packets/puback.ts": "a31a7dea7020237060a3c0cd37fdc5e152135f0703c2f5c12dda627f88de49d0",
    "https://deno.land/x/mqtt5@0.0.1/lib/mqtt_packets/pubcomp.ts": "904ecd44e7c0c52ff44d2d1fd1ac223003c3fed49a4f9f1e5f271e1da04facac",
    "https://deno.land/x/mqtt5@0.0.1/lib/mqtt_packets/publish.ts": "6ba9ecc0a05ce6a28a507953c7576fc3e62ec0fa4615e6a7a28a9c7f7d81b1db",
    "https://deno.land/x/mqtt5@0.0.1/lib/mqtt_packets/pubrec.ts": "fdc69cb49e517b94a4d8f9653e56b8543413c123cbc7efc23f2c9bc04a193f6b",
    "https://deno.land/x/mqtt5@0.0.1/lib/mqtt_packets/pubrel.ts": "77fb938bf7b7b492fbe0fd3f7c825f4343661ad49c2774cdeb67f7d0307ba83b",
    "https://deno.land/x/mqtt5@0.0.1/lib/mqtt_packets/suback.ts": "bf5e5cb370b08c8dad0090c3a91b3d9a42b29bd577ff73569ef096c8f0f489b3",
    "https://deno.land/x/mqtt5@0.0.1/lib/mqtt_packets/subscribe.ts": "1041e586f1adbdb88e462173e1d0c9a23092144a91a0c1d5d5afae2273cd2563",
    "https://deno.land/x/mqtt5@0.0.1/lib/mqtt_packets/unsuback.ts": "57a87fa190fa52d907db8bd87ce162a2b262cbf2584618e13ce866bca7446936",
    "https://deno.land/x/mqtt5@0.0.1/lib/mqtt_packets/unsubscribe.ts": "c09f75bdbacbf1011cc0522a5d773f040cd943bd58b65ca0a1cb4d150e727b4a",
    "https://deno.land/x/mqtt5@0.0.1/lib/mqtt_properties/mod.ts": "8a6c98964093b6912e81beafca8ead165c202d161003d3256a743f83968d727b",
    "https://deno.land/x/mqtt5@0.0.1/lib/mqtt_stream_utils/mod.ts": "84a156ded4ed15404345220831103029954f043502e812afa4c8fc7159d4d029",
    "https://deno.land/x/mqtt5@0.0.1/lib/mqtt_utils/error.ts": "58054967cfba9a2b8ae449ab6b076047def046ec533308fb94168b5bc6d0b785",
    "https://deno.land/x/mqtt5@0.0.1/lib/mqtt_utils/four_byte_integer.ts": "d185c780b8d4a13b4f2644703b64c3229f268464d7b3cbbf439597a4b3925e86",
    "https://deno.land/x/mqtt5@0.0.1/lib/mqtt_utils/mod.ts": "9cab7d6d4dd2949a714b911f33657b19a5db2cda50a0f36ffb2bb1dda37df478",
    "https://deno.land/x/mqtt5@0.0.1/lib/mqtt_utils/qos.ts": "5c8deb22f04b3963a34bd47747a31bc38c00d933cbdc8ad3378de0997179f8cb",
    "https://deno.land/x/mqtt5@0.0.1/lib/mqtt_utils/two_byte_integer.ts": "af42232934719abaddaef7c4b6dc9c846966598ac53264905a0532b48b1a5d39",
    "https://deno.land/x/mqtt5@0.0.1/lib/mqtt_utils/utf8_encoded_string.ts": "523e4ba2383023cdf3ad6dff89aedd171231b0e682216718ccf54a60a28d0d0a",
    "https://deno.land/x/mqtt5@0.0.1/lib/mqtt_utils/variable_byte_integer.ts": "d3b7b49a798fe3284e275e316d5818f3b7cd5f76e1196fd2bf6fe3568fe696ff"
  }
}
